
Microsoft Visual Studio Solution File, Format Version 12.00
# Visual Studio Version 16
VisualStudioVersion = 16.0.31105.61
MinimumVisualStudioVersion = 10.0.40219.1
Project("{FAE04EC0-301F-11D3-BF4B-00C04F79EFBC}") = "ProductAndLcm", "ProductAndLcm\ProductAndLcm.csproj", "{870F5647-6EFA-4D4D-8292-4CFC63EE73FD}"
EndProject
Global
	GlobalSection(SolutionConfigurationPlatforms) = preSolution
		Debug|Any CPU = Debug|Any CPU
		Release|Any CPU = Release|Any CPU
	EndGlobalSection
	GlobalSection(ProjectConfigurationPlatforms) = postSolution
		{870F5647-6EFA-4D4D-8292-4CFC63EE73FD}.Debug|Any CPU.ActiveCfg = Debug|Any CPU
		{870F5647-6EFA-4D4D-8292-4CFC63EE73FD}.Debug|Any CPU.Build.0 = Debug|Any CPU
		{870F5647-6EFA-4D4D-8292-4CFC63EE73FD}.Release|Any CPU.ActiveCfg = Release|Any CPU
		{870F5647-6EFA-4D4D-8292-4CFC63EE73FD}.Release|Any CPU.Build.0 = Release|Any CPU
	EndGlobalSection
	GlobalSection(SolutionProperties) = preSolution
		HideSolutionNode = FALSE
	EndGlobalSection
	GlobalSection(ExtensibilityGlobals) = postSolution
		SolutionGuid = {420ED402-499E-41D7-B9E7-B6F60A9851A8}
	EndGlobalSection
EndGlobal
